
Microsoft Visual Studio Solution File, Format Version 12.00
# Visual Studio Version 17
VisualStudioVersion = 17.4.33103.184
MinimumVisualStudioVersion = 10.0.40219.1
Project("{FAE04EC0-301F-11D3-BF4B-00C04F79EFBC}") = "BlazorReusableAutocomplete.Server", "BlazorReusableAutocomplete\Server\BlazorReusableAutocomplete.Server.csproj", "{F7112325-DF57-4B8B-92AA-D7752196F8B6}"
EndProject
Project("{FAE04EC0-301F-11D3-BF4B-00C04F79EFBC}") = "BlazorReusableAutocomplete.Client", "BlazorReusableAutocomplete\Client\BlazorReusableAutocomplete.Client.csproj", "{9046B3D4-07A8-43EB-834D-0206F1108246}"
EndProject
Project("{FAE04EC0-301F-11D3-BF4B-00C04F79EFBC}") = "BlazorReusableAutocomplete.Shared", "BlazorReusableAutocomplete\Shared\BlazorReusableAutocomplete.Shared.csproj", "{FC850079-457E-43A3-BC03-75C3EA0FE1B7}"
EndProject
Global
	GlobalSection(SolutionConfigurationPlatforms) = preSolution
		Debug|Any CPU = Debug|Any CPU
		Release|Any CPU = Release|Any CPU
	EndGlobalSection
	GlobalSection(ProjectConfigurationPlatforms) = postSolution
		{F7112325-DF57-4B8B-92AA-D7752196F8B6}.Debug|Any CPU.ActiveCfg = Debug|Any CPU
		{F7112325-DF57-4B8B-92AA-D7752196F8B6}.Debug|Any CPU.Build.0 = Debug|Any CPU
		{F7112325-DF57-4B8B-92AA-D7752196F8B6}.Release|Any CPU.ActiveCfg = Release|Any CPU
		{F7112325-DF57-4B8B-92AA-D7752196F8B6}.Release|Any CPU.Build.0 = Release|Any CPU
		{9046B3D4-07A8-43EB-834D-0206F1108246}.Debug|Any CPU.ActiveCfg = Debug|Any CPU
		{9046B3D4-07A8-43EB-834D-0206F1108246}.Debug|Any CPU.Build.0 = Debug|Any CPU
		{9046B3D4-07A8-43EB-834D-0206F1108246}.Release|Any CPU.ActiveCfg = Release|Any CPU
		{9046B3D4-07A8-43EB-834D-0206F1108246}.Release|Any CPU.Build.0 = Release|Any CPU
		{FC850079-457E-43A3-BC03-75C3EA0FE1B7}.Debug|Any CPU.ActiveCfg = Debug|Any CPU
		{FC850079-457E-43A3-BC03-75C3EA0FE1B7}.Debug|Any CPU.Build.0 = Debug|Any CPU
		{FC850079-457E-43A3-BC03-75C3EA0FE1B7}.Release|Any CPU.ActiveCfg = Release|Any CPU
		{FC850079-457E-43A3-BC03-75C3EA0FE1B7}.Release|Any CPU.Build.0 = Release|Any CPU
	EndGlobalSection
	GlobalSection(SolutionProperties) = preSolution
		HideSolutionNode = FALSE
	EndGlobalSection
	GlobalSection(ExtensibilityGlobals) = postSolution
		SolutionGuid = {044A8A3B-8404-42D6-80B2-38D700400821}
	EndGlobalSection
EndGlobal
